
Microsoft Visual Studio Solution File, Format Version 12.00
# Visual Studio Version 17
VisualStudioVersion = 17.1.31903.286
MinimumVisualStudioVersion = 10.0.40219.1
Project("{FAE04EC0-301F-11D3-BF4B-00C04F79EFBC}") = "CICDSample", "CICDSample.csproj", "{BCF95C2C-64B6-42C0-85E5-BE82A3B0DA30}"
EndProject
Global
	GlobalSection(SolutionConfigurationPlatforms) = preSolution
		Debug|Any CPU = Debug|Any CPU
		Release|Any CPU = Release|Any CPU
	EndGlobalSection
	GlobalSection(ProjectConfigurationPlatforms) = postSolution
		{BCF95C2C-64B6-42C0-85E5-BE82A3B0DA30}.Debug|Any CPU.ActiveCfg = Debug|Any CPU
		{BCF95C2C-64B6-42C0-85E5-BE82A3B0DA30}.Debug|Any CPU.Build.0 = Debug|Any CPU
		{BCF95C2C-64B6-42C0-85E5-BE82A3B0DA30}.Release|Any CPU.ActiveCfg = Release|Any CPU
		{BCF95C2C-64B6-42C0-85E5-BE82A3B0DA30}.Release|Any CPU.Build.0 = Release|Any CPU
	EndGlobalSection
	GlobalSection(SolutionProperties) = preSolution
		HideSolutionNode = FALSE
	EndGlobalSection
	GlobalSection(ExtensibilityGlobals) = postSolution
		SolutionGuid = {BBCD7F67-B9BA-4258-8B00-D4B3410A0394}
	EndGlobalSection
EndGlobal
